// !$*UTF8*$!
{
	archiveVersion = 1;
	classes = {
	};
	objectVersion = 46;
	objects = {

		4F8303707E22E986E67349D5 = {isa = PBXBuildFile; fileRef = 43AD72EB54750B4A7CE842FE; };
		AB5BC61858809998FE57538A = {isa = PBXBuildFile; fileRef = 06B10E8275E33F5B0DE65909; };
		D9EC8D152DF0E013B6C13008 = {isa = PBXBuildFile; fileRef = 2BE95AD87929B584836147EE; };
		06B10E8275E33F5B0DE65909 = {isa = PBXFileReference; lastKnownFileType = file.nib; name = RecentFilesMenuTemplate.nib; path = RecentFilesMenuTemplate.nib; sourceTree = "SOURCE_ROOT"; };
		0D3412C2E97E60FE1542C1B0 = {isa = PBXFileReference; lastKnownFileType = sourcecode.c.h; name = AppConfig.h; path = ../../JuceLibraryCode/AppConfig.h; sourceTree = "SOURCE_ROOT"; };
		2BE95AD87929B584836147EE = {isa = PBXFileReference; lastKnownFileType = sourcecode.cpp.cpp; name = foo.cpp; path = ../../Source/foo.cpp; sourceTree = "SOURCE_ROOT"; };
		43AD72EB54750B4A7CE842FE = {isa = PBXFileReference; explicitFileType = "compiled.mach-o.executable"; includeInIndex = 0; path = consoleapp521; sourceTree = "BUILT_PRODUCTS_DIR"; };
		5B61F7B44AAC712477B83313 = {isa = PBXFileReference; lastKnownFileType = sourcecode.c.h; name = JuceHeader.h; path = ../../JuceLibraryCode/JuceHeader.h; sourceTree = "SOURCE_ROOT"; };
		936A765CEF10370225A15216 = {isa = PBXGroup; children = (
					2BE95AD87929B584836147EE, ); name = Source; sourceTree = "<group>"; };
		52120A71B99F8B6A95CF02BE = {isa = PBXGroup; children = (
					936A765CEF10370225A15216, ); name = consoleapp521; sourceTree = "<group>"; };
		B7AA37E5672104D5700C21E4 = {isa = PBXGroup; children = (
					0D3412C2E97E60FE1542C1B0,
					5B61F7B44AAC712477B83313, ); name = "JUCE Library Code"; sourceTree = "<group>"; };
		6045B5AC613C3838F592AE5A = {isa = PBXGroup; children = (
					06B10E8275E33F5B0DE65909, ); name = Resources; sourceTree = "<group>"; };
		F964B6C6CD2EDDFC1959B72C = {isa = PBXGroup; children = (  ); name = Frameworks; sourceTree = "<group>"; };
		BBE1DC058710762991CB3804 = {isa = PBXGroup; children = (
					43AD72EB54750B4A7CE842FE, ); name = Products; sourceTree = "<group>"; };
		A86E3E611460BB5A8E2B13F8 = {isa = PBXGroup; children = (
					52120A71B99F8B6A95CF02BE,
					B7AA37E5672104D5700C21E4,
					6045B5AC613C3838F592AE5A,
					F964B6C6CD2EDDFC1959B72C,
					BBE1DC058710762991CB3804, ); name = Source; sourceTree = "<group>"; };
		19964992B78167A56F229A67 = {isa = XCBuildConfiguration; buildSettings = {
				CLANG_CXX_LANGUAGE_STANDARD = "c++14";
				CLANG_LINK_OBJC_RUNTIME = NO;
				COMBINE_HIDPI_IMAGES = YES;
				CONFIGURATION_BUILD_DIR = "$(PROJECT_DIR)/build/$(CONFIGURATION)";
				COPY_PHASE_STRIP = NO;
				GCC_DYNAMIC_NO_PIC = NO;
				GCC_OPTIMIZATION_LEVEL = 0;
				GCC_PREPROCESSOR_DEFINITIONS = (
					"_DEBUG=1",
					"DEBUG=1",
					"JUCER_XCODE_MAC_F6D2F4CF=1",
					"JUCE_APP_VERSION=1.0.0",
					"JUCE_APP_VERSION_HEX=0x10000",
					"JucePlugin_Build_VST=0",
					"JucePlugin_Build_VST3=0",
					"JucePlugin_Build_AU=0",
					"JucePlugin_Build_AUv3=0",
					"JucePlugin_Build_RTAS=0",
					"JucePlugin_Build_AAX=0",
					"JucePlugin_Build_Standalone=0", );
				GCC_VERSION = com.apple.compilers.llvm.clang.1_0;
				HEADER_SEARCH_PATHS = ("../../JuceLibraryCode", "$(inherited)");
				INSTALL_PATH = "/usr/bin";
				MACOSX_DEPLOYMENT_TARGET = 10.11;
				MACOSX_DEPLOYMENT_TARGET_ppc = 10.4;
				PRODUCT_BUNDLE_IDENTIFIER = com.yourcompany.consoleapp521;
				SDKROOT_ppc = macosx10.5;
				USE_HEADERMAP = NO; }; name = Debug; };
		F7B8ED1EC9E4C14CF4596ED0 = {isa = XCBuildConfiguration; buildSettings = {
				CLANG_CXX_LANGUAGE_STANDARD = "c++14";
				CLANG_LINK_OBJC_RUNTIME = NO;
				COMBINE_HIDPI_IMAGES = YES;
				CONFIGURATION_BUILD_DIR = "$(PROJECT_DIR)/build/$(CONFIGURATION)";
				DEAD_CODE_STRIPPING = YES;
				GCC_GENERATE_DEBUGGING_SYMBOLS = NO;
				GCC_OPTIMIZATION_LEVEL = 3;
				GCC_PREPROCESSOR_DEFINITIONS = (
					"_NDEBUG=1",
					"NDEBUG=1",
					"JUCER_XCODE_MAC_F6D2F4CF=1",
					"JUCE_APP_VERSION=1.0.0",
					"JUCE_APP_VERSION_HEX=0x10000",
					"JucePlugin_Build_VST=0",
					"JucePlugin_Build_VST3=0",
					"JucePlugin_Build_AU=0",
					"JucePlugin_Build_AUv3=0",
					"JucePlugin_Build_RTAS=0",
					"JucePlugin_Build_AAX=0",
					"JucePlugin_Build_Standalone=0", );
				GCC_SYMBOLS_PRIVATE_EXTERN = YES;
				GCC_VERSION = com.apple.compilers.llvm.clang.1_0;
				HEADER_SEARCH_PATHS = ("../../JuceLibraryCode", "$(inherited)");
				INSTALL_PATH = "/usr/bin";
				LLVM_LTO = YES;
				MACOSX_DEPLOYMENT_TARGET = 10.11;
				MACOSX_DEPLOYMENT_TARGET_ppc = 10.4;
				PRODUCT_BUNDLE_IDENTIFIER = com.yourcompany.consoleapp521;
				SDKROOT_ppc = macosx10.5;
				USE_HEADERMAP = NO; }; name = Release; };
		ECE54256507DD76E57ADEEFF = {isa = XCBuildConfiguration; buildSettings = {
				ALWAYS_SEARCH_USER_PATHS = NO;
				CLANG_WARN_BLOCK_CAPTURE_AUTORELEASING = YES;
				CLANG_WARN_BOOL_CONVERSION = YES;
				CLANG_WARN_COMMA = YES;
				CLANG_WARN_CONSTANT_CONVERSION = YES;
				CLANG_WARN_EMPTY_BODY = YES;
				CLANG_WARN_ENUM_CONVERSION = YES;
				CLANG_WARN_INFINITE_RECURSION = YES;
				CLANG_WARN_INT_CONVERSION = YES;
				CLANG_WARN_NON_LITERAL_NULL_CONVERSION = YES;
				CLANG_WARN_OBJC_LITERAL_CONVERSION = YES;
				CLANG_WARN_RANGE_LOOP_ANALYSIS = YES;
				CLANG_WARN_STRICT_PROTOTYPES = YES;
				CLANG_WARN_SUSPICIOUS_MOVE = YES;
				CLANG_WARN_UNREACHABLE_CODE = YES;
				CLANG_WARN__DUPLICATE_METHOD_MATCH = YES;
				DEBUG_INFORMATION_FORMAT = "dwarf";
				ENABLE_STRICT_OBJC_MSGSEND = YES;
				ENABLE_TESTABILITY = YES;
				GCC_C_LANGUAGE_STANDARD = c11;
				GCC_INLINES_ARE_PRIVATE_EXTERN = YES;
				GCC_MODEL_TUNING = G5;
				GCC_NO_COMMON_BLOCKS = YES;
				GCC_WARN_64_TO_32_BIT_CONVERSION = YES;
				GCC_WARN_ABOUT_RETURN_TYPE = YES;
				GCC_WARN_CHECK_SWITCH_STATEMENTS = YES;
				GCC_WARN_MISSING_PARENTHESES = YES;
				GCC_WARN_NON_VIRTUAL_DESTRUCTOR = YES;
				GCC_WARN_TYPECHECK_CALLS_TO_PRINTF = YES;
				GCC_WARN_UNDECLARED_SELECTOR = YES;
				GCC_WARN_UNINITIALIZED_AUTOS = YES;
				GCC_WARN_UNUSED_FUNCTION = YES;
				GCC_WARN_UNUSED_VARIABLE = YES;
				ONLY_ACTIVE_ARCH = YES;
				PRODUCT_NAME = "consoleapp521";
				WARNING_CFLAGS = -Wreorder;
				ZERO_LINK = NO; }; name = Debug; };
		964C0E87290E5DDCC74C0ABB = {isa = XCBuildConfiguration; buildSettings = {
				ALWAYS_SEARCH_USER_PATHS = NO;
				CLANG_WARN_BLOCK_CAPTURE_AUTORELEASING = YES;
				CLANG_WARN_BOOL_CONVERSION = YES;
				CLANG_WARN_COMMA = YES;
				CLANG_WARN_CONSTANT_CONVERSION = YES;
				CLANG_WARN_EMPTY_BODY = YES;
				CLANG_WARN_ENUM_CONVERSION = YES;
				CLANG_WARN_INFINITE_RECURSION = YES;
				CLANG_WARN_INT_CONVERSION = YES;
				CLANG_WARN_NON_LITERAL_NULL_CONVERSION = YES;
				CLANG_WARN_OBJC_LITERAL_CONVERSION = YES;
				CLANG_WARN_RANGE_LOOP_ANALYSIS = YES;
				CLANG_WARN_STRICT_PROTOTYPES = YES;
				CLANG_WARN_SUSPICIOUS_MOVE = YES;
				CLANG_WARN_UNREACHABLE_CODE = YES;
				CLANG_WARN__DUPLICATE_METHOD_MATCH = YES;
				DEBUG_INFORMATION_FORMAT = "dwarf";
				ENABLE_STRICT_OBJC_MSGSEND = YES;
				GCC_C_LANGUAGE_STANDARD = c11;
				GCC_INLINES_ARE_PRIVATE_EXTERN = YES;
				GCC_MODEL_TUNING = G5;
				GCC_NO_COMMON_BLOCKS = YES;
				GCC_WARN_64_TO_32_BIT_CONVERSION = YES;
				GCC_WARN_ABOUT_RETURN_TYPE = YES;
				GCC_WARN_CHECK_SWITCH_STATEMENTS = YES;
				GCC_WARN_MISSING_PARENTHESES = YES;
				GCC_WARN_NON_VIRTUAL_DESTRUCTOR = YES;
				GCC_WARN_TYPECHECK_CALLS_TO_PRINTF = YES;
				GCC_WARN_UNDECLARED_SELECTOR = YES;
				GCC_WARN_UNINITIALIZED_AUTOS = YES;
				GCC_WARN_UNUSED_FUNCTION = YES;
				GCC_WARN_UNUSED_VARIABLE = YES;
				PRODUCT_NAME = "consoleapp521";
				WARNING_CFLAGS = -Wreorder;
				ZERO_LINK = NO; }; name = Release; };
		B14CB1E264F42221DA12A9D1 = {isa = PBXTargetDependency; target = 6A9902D15EF55A34C3E97379; };
		A31AE13959811E03E9290555 = {isa = XCConfigurationList; buildConfigurations = (
					ECE54256507DD76E57ADEEFF,
					964C0E87290E5DDCC74C0ABB, ); defaultConfigurationIsVisible = 0; defaultConfigurationName = Debug; };
		65990F8CFA2E0D4501B52745 = {isa = XCConfigurationList; buildConfigurations = (
					19964992B78167A56F229A67,
					F7B8ED1EC9E4C14CF4596ED0, ); defaultConfigurationIsVisible = 0; defaultConfigurationName = Debug; };
		AC0E359D190593F8EF01627E = {isa = PBXResourcesBuildPhase; buildActionMask = 2147483647; files = (
					AB5BC61858809998FE57538A, ); runOnlyForDeploymentPostprocessing = 0; };
		C78116B6411578D0A26EBB06 = {isa = PBXSourcesBuildPhase; buildActionMask = 2147483647; files = (
					D9EC8D152DF0E013B6C13008, ); runOnlyForDeploymentPostprocessing = 0; };
		74A41BD501730CF6E38A13CC = {isa = PBXFrameworksBuildPhase; buildActionMask = 2147483647; files = (  ); runOnlyForDeploymentPostprocessing = 0; };
		6A9902D15EF55A34C3E97379 = {isa = PBXNativeTarget; buildConfigurationList = 65990F8CFA2E0D4501B52745; buildPhases = (
					AC0E359D190593F8EF01627E,
					C78116B6411578D0A26EBB06,
					74A41BD501730CF6E38A13CC, ); buildRules = ( ); dependencies = (  ); name = "consoleapp521 - ConsoleApp"; productName = consoleapp521; productReference = 43AD72EB54750B4A7CE842FE; productType = "com.apple.product-type.tool"; };
		F437CDD6A0D4B29401A9E998 = {isa = PBXProject; buildConfigurationList = A31AE13959811E03E9290555; attributes = { LastUpgradeCheck = 0830; ORGANIZATIONNAME = ""; }; compatibilityVersion = "Xcode 3.2"; hasScannedForEncodings = 0; mainGroup = A86E3E611460BB5A8E2B13F8; projectDirPath = ""; projectRoot = ""; targets = (6A9902D15EF55A34C3E97379); };
	};
	rootObject = F437CDD6A0D4B29401A9E998;
}
