<?xml version="1.0" encoding="UTF-8"?>

<CodeBlocks_project_file>
  <FileVersion major="1" minor="6"/>
  <Project>
    <Option title="consoleapp521"/>
    <Option pch_mode="2"/>
    <Option compiler="gcc"/>
    <Build>
      <Target title="ConsoleApp | Debug">
        <Option output="bin/Debug/consoleapp521"
                prefix_auto="1"
                extension_auto="0"/>
        <Option object_output="obj/Debug"/>
        <Option type="1"/>
        <Option compiler="gcc"/>
        <Compiler>
          <Add option="-DLINUX=1"/>
          <Add option="-DDEBUG=1"/>
          <Add option="-D_DEBUG=1"/>
          <Add option="-DJUCER_CODEBLOCKS_LINUX_191E0897=1"/>
          <Add option="-DJUCE_APP_VERSION=1.0.0"/>
          <Add option="-DJUCE_APP_VERSION_HEX=0x10000"/>
          <Add option="-DJucePlugin_Build_VST=0"/>
          <Add option="-DJucePlugin_Build_VST3=0"/>
          <Add option="-DJucePlugin_Build_AU=0"/>
          <Add option="-DJucePlugin_Build_AUv3=0"/>
          <Add option="-DJucePlugin_Build_RTAS=0"/>
          <Add option="-DJucePlugin_Build_AAX=0"/>
          <Add option="-DJucePlugin_Build_Standalone=0"/>
          <Add option="-m64"/>
          <Add option="-O0"/>
          <Add option="-std=c++14"/>
          <Add option="-mstackrealign"/>
          <Add option="-g"/>
          <Add directory="."/>
          <Add directory="../../JuceLibraryCode"/>
          <Add directory="/usr/include/freetype2"/>
        </Compiler>
        <Linker>
          <Add option="-m64"/>
        </Linker>
      </Target>
      <Target title="ConsoleApp | Release">
        <Option output="bin/Release/consoleapp521"
                prefix_auto="1"
                extension_auto="0"/>
        <Option object_output="obj/Release"/>
        <Option type="1"/>
        <Option compiler="gcc"/>
        <Compiler>
          <Add option="-DLINUX=1"/>
          <Add option="-DNDEBUG=1"/>
          <Add option="-DJUCER_CODEBLOCKS_LINUX_191E0897=1"/>
          <Add option="-DJUCE_APP_VERSION=1.0.0"/>
          <Add option="-DJUCE_APP_VERSION_HEX=0x10000"/>
          <Add option="-DJucePlugin_Build_VST=0"/>
          <Add option="-DJucePlugin_Build_VST3=0"/>
          <Add option="-DJucePlugin_Build_AU=0"/>
          <Add option="-DJucePlugin_Build_AUv3=0"/>
          <Add option="-DJucePlugin_Build_RTAS=0"/>
          <Add option="-DJucePlugin_Build_AAX=0"/>
          <Add option="-DJucePlugin_Build_Standalone=0"/>
          <Add option="-m64"/>
          <Add option="-O3"/>
          <Add option="-std=c++14"/>
          <Add option="-mstackrealign"/>
          <Add directory="."/>
          <Add directory="../../JuceLibraryCode"/>
          <Add directory="/usr/include/freetype2"/>
        </Compiler>
        <Linker>
          <Add option="-m64"/>
          <Add option="-s"/>
        </Linker>
      </Target>
    </Build>
    <VirtualTargets/>
    <Compiler>
      <Add option="-Wall"/>
      <Add option="-Wno-strict-aliasing"/>
      <Add option="-Wno-strict-overflow"/>
    </Compiler>
    <Linker/>
    <Unit filename="../../Source/foo.cpp">
      <Option target="ConsoleApp | Debug"/>
      <Option target="ConsoleApp | Release"/>
    </Unit>
    <Unit filename="../../JuceLibraryCode/AppConfig.h">
      <Option target="ConsoleApp | Debug"/>
      <Option target="ConsoleApp | Release"/>
      <Option compile="0"/>
      <Option link="0"/>
    </Unit>
    <Unit filename="../../JuceLibraryCode/JuceHeader.h">
      <Option target="ConsoleApp | Debug"/>
      <Option target="ConsoleApp | Release"/>
      <Option compile="0"/>
      <Option link="0"/>
    </Unit>
  </Project>
</CodeBlocks_project_file>
