// !$*UTF8*$!
{
	archiveVersion = 1;
	classes = {
	};
	objectVersion = 46;
	objects = {
		B26AFD52AECC557EAD0540F3 = {
			isa = PBXBuildFile;
			fileRef = 06F6A06D0C756D38E428724A;
		};
		794EE017692A49C658F0C3A1 = {
			isa = PBXBuildFile;
			fileRef = D80F0E1848EEBED5AC6C5642;
		};
		C42E3206C0DD29FB1408FD64 = {
			isa = PBXBuildFile;
			fileRef = 457478C321F652720B52207C;
		};
		06F6A06D0C756D38E428724A = {
			isa = PBXFileReference;
			explicitFileType = "compiled.mach-o.executable";
			includeInIndex = 0;
			path = consoleapp543;
			sourceTree = "BUILT_PRODUCTS_DIR";
		};
		457478C321F652720B52207C = {
			isa = PBXFileReference;
			lastKnownFileType = sourcecode.cpp.cpp;
			name = foo.cpp;
			path = ../../Source/foo.cpp;
			sourceTree = "SOURCE_ROOT";
		};
		670FC5AC4918BEF67CF228BE = {
			isa = PBXFileReference;
			lastKnownFileType = sourcecode.c.h;
			name = AppConfig.h;
			path = ../../JuceLibraryCode/AppConfig.h;
			sourceTree = "SOURCE_ROOT";
		};
		A3145113323CE18874B4BA24 = {
			isa = PBXFileReference;
			lastKnownFileType = sourcecode.c.h;
			name = JuceHeader.h;
			path = ../../JuceLibraryCode/JuceHeader.h;
			sourceTree = "SOURCE_ROOT";
		};
		D80F0E1848EEBED5AC6C5642 = {
			isa = PBXFileReference;
			lastKnownFileType = file.nib;
			name = RecentFilesMenuTemplate.nib;
			path = RecentFilesMenuTemplate.nib;
			sourceTree = "SOURCE_ROOT";
		};
		06CC3B694199BC1BCBC02256 = {
			isa = PBXGroup;
			children = (
				457478C321F652720B52207C,
			);
			name = Source;
			sourceTree = "<group>";
		};
		F33CDC25C29F93F1DE0D5D5C = {
			isa = PBXGroup;
			children = (
				06CC3B694199BC1BCBC02256,
			);
			name = consoleapp543;
			sourceTree = "<group>";
		};
		DD665F85A0C44F56B398E29A = {
			isa = PBXGroup;
			children = (
				670FC5AC4918BEF67CF228BE,
				A3145113323CE18874B4BA24,
			);
			name = "JUCE Library Code";
			sourceTree = "<group>";
		};
		16AC5407F2D0A75E5F96133F = {
			isa = PBXGroup;
			children = (
				D80F0E1848EEBED5AC6C5642,
			);
			name = Resources;
			sourceTree = "<group>";
		};
		EF3444B50905A56DC2FE938B = {
			isa = PBXGroup;
			children = ( );
			name = Frameworks;
			sourceTree = "<group>";
		};
		14673F78216B24DEAA54F41B = {
			isa = PBXGroup;
			children = (
				06F6A06D0C756D38E428724A,
			);
			name = Products;
			sourceTree = "<group>";
		};
		ADC61CD014CBD563DC0DC8CA = {
			isa = PBXGroup;
			children = (
				F33CDC25C29F93F1DE0D5D5C,
				DD665F85A0C44F56B398E29A,
				16AC5407F2D0A75E5F96133F,
				EF3444B50905A56DC2FE938B,
				14673F78216B24DEAA54F41B,
			);
			name = Source;
			sourceTree = "<group>";
		};
		E600E085CA3987D8FEDBEC39 = {
			isa = XCBuildConfiguration;
			buildSettings = {
				CLANG_CXX_LANGUAGE_STANDARD = "c++14";
				CLANG_CXX_LIBRARY = "libc++";
				CLANG_LINK_OBJC_RUNTIME = NO;
				COMBINE_HIDPI_IMAGES = YES;
				CONFIGURATION_BUILD_DIR = "$(PROJECT_DIR)/build/$(CONFIGURATION)";
				COPY_PHASE_STRIP = NO;
				GCC_DYNAMIC_NO_PIC = NO;
				GCC_OPTIMIZATION_LEVEL = 0;
				GCC_PREPROCESSOR_DEFINITIONS = (
					"_DEBUG=1",
					"DEBUG=1",
					"JUCER_XCODE_MAC_F6D2F4CF=1",
					"JUCE_APP_VERSION=1.0.0",
					"JUCE_APP_VERSION_HEX=0x10000",
					"JucePlugin_Build_VST=0",
					"JucePlugin_Build_VST3=0",
					"JucePlugin_Build_AU=0",
					"JucePlugin_Build_AUv3=0",
					"JucePlugin_Build_RTAS=0",
					"JucePlugin_Build_AAX=0",
					"JucePlugin_Build_Standalone=0",
					"JucePlugin_Build_Unity=0",
				);
				GCC_VERSION = com.apple.compilers.llvm.clang.1_0;
				HEADER_SEARCH_PATHS = (
					"../../JuceLibraryCode",
					"$(inherited)",
				);
				INSTALL_PATH = "/usr/bin";
				MACOSX_DEPLOYMENT_TARGET = 10.11;
				PRODUCT_BUNDLE_IDENTIFIER = com.yourcompany.consoleapp543;
				PRODUCT_NAME = "consoleapp543";
				USE_HEADERMAP = NO;
			};
			name = Debug;
		};
		74676AF2292D7B2CEA98922B = {
			isa = XCBuildConfiguration;
			buildSettings = {
				CLANG_CXX_LANGUAGE_STANDARD = "c++14";
				CLANG_CXX_LIBRARY = "libc++";
				CLANG_LINK_OBJC_RUNTIME = NO;
				COMBINE_HIDPI_IMAGES = YES;
				CONFIGURATION_BUILD_DIR = "$(PROJECT_DIR)/build/$(CONFIGURATION)";
				DEAD_CODE_STRIPPING = YES;
				GCC_GENERATE_DEBUGGING_SYMBOLS = NO;
				GCC_OPTIMIZATION_LEVEL = 3;
				GCC_PREPROCESSOR_DEFINITIONS = (
					"_NDEBUG=1",
					"NDEBUG=1",
					"JUCER_XCODE_MAC_F6D2F4CF=1",
					"JUCE_APP_VERSION=1.0.0",
					"JUCE_APP_VERSION_HEX=0x10000",
					"JucePlugin_Build_VST=0",
					"JucePlugin_Build_VST3=0",
					"JucePlugin_Build_AU=0",
					"JucePlugin_Build_AUv3=0",
					"JucePlugin_Build_RTAS=0",
					"JucePlugin_Build_AAX=0",
					"JucePlugin_Build_Standalone=0",
					"JucePlugin_Build_Unity=0",
				);
				GCC_SYMBOLS_PRIVATE_EXTERN = YES;
				GCC_VERSION = com.apple.compilers.llvm.clang.1_0;
				HEADER_SEARCH_PATHS = (
					"../../JuceLibraryCode",
					"$(inherited)",
				);
				INSTALL_PATH = "/usr/bin";
				LLVM_LTO = YES;
				MACOSX_DEPLOYMENT_TARGET = 10.11;
				PRODUCT_BUNDLE_IDENTIFIER = com.yourcompany.consoleapp543;
				PRODUCT_NAME = "consoleapp543";
				USE_HEADERMAP = NO;
			};
			name = Release;
		};
		2D854CEFC3530783BF8D3E9F = {
			isa = XCBuildConfiguration;
			buildSettings = {
				ALWAYS_SEARCH_USER_PATHS = NO;
				CLANG_ENABLE_OBJC_WEAK = YES;
				CLANG_WARN_BLOCK_CAPTURE_AUTORELEASING = YES;
				CLANG_WARN_BOOL_CONVERSION = YES;
				CLANG_WARN_COMMA = YES;
				CLANG_WARN_CONSTANT_CONVERSION = YES;
				CLANG_WARN_DEPRECATED_OBJC_IMPLEMENTATIONS = YES;
				CLANG_WARN_EMPTY_BODY = YES;
				CLANG_WARN_ENUM_CONVERSION = YES;
				CLANG_WARN_INFINITE_RECURSION = YES;
				CLANG_WARN_INT_CONVERSION = YES;
				CLANG_WARN_NON_LITERAL_NULL_CONVERSION = YES;
				CLANG_WARN_OBJC_IMPLICIT_RETAIN_SELF = YES;
				CLANG_WARN_OBJC_LITERAL_CONVERSION = YES;
				CLANG_WARN_RANGE_LOOP_ANALYSIS = YES;
				CLANG_WARN_STRICT_PROTOTYPES = YES;
				CLANG_WARN_SUSPICIOUS_MOVE = YES;
				CLANG_WARN_UNREACHABLE_CODE = YES;
				CLANG_WARN__DUPLICATE_METHOD_MATCH = YES;
				DEBUG_INFORMATION_FORMAT = dwarf;
				ENABLE_STRICT_OBJC_MSGSEND = YES;
				ENABLE_TESTABILITY = YES;
				GCC_C_LANGUAGE_STANDARD = c11;
				GCC_INLINES_ARE_PRIVATE_EXTERN = YES;
				GCC_MODEL_TUNING = G5;
				GCC_NO_COMMON_BLOCKS = YES;
				GCC_WARN_64_TO_32_BIT_CONVERSION = YES;
				GCC_WARN_ABOUT_RETURN_TYPE = YES;
				GCC_WARN_CHECK_SWITCH_STATEMENTS = YES;
				GCC_WARN_MISSING_PARENTHESES = YES;
				GCC_WARN_NON_VIRTUAL_DESTRUCTOR = YES;
				GCC_WARN_TYPECHECK_CALLS_TO_PRINTF = YES;
				GCC_WARN_UNDECLARED_SELECTOR = YES;
				GCC_WARN_UNINITIALIZED_AUTOS = YES;
				GCC_WARN_UNUSED_FUNCTION = YES;
				GCC_WARN_UNUSED_VARIABLE = YES;
				ONLY_ACTIVE_ARCH = YES;
				PRODUCT_NAME = "consoleapp543";
				WARNING_CFLAGS = "-Wreorder";
				ZERO_LINK = NO;
			};
			name = Debug;
		};
		396E349617E437656038A657 = {
			isa = XCBuildConfiguration;
			buildSettings = {
				ALWAYS_SEARCH_USER_PATHS = NO;
				CLANG_ENABLE_OBJC_WEAK = YES;
				CLANG_WARN_BLOCK_CAPTURE_AUTORELEASING = YES;
				CLANG_WARN_BOOL_CONVERSION = YES;
				CLANG_WARN_COMMA = YES;
				CLANG_WARN_CONSTANT_CONVERSION = YES;
				CLANG_WARN_DEPRECATED_OBJC_IMPLEMENTATIONS = YES;
				CLANG_WARN_EMPTY_BODY = YES;
				CLANG_WARN_ENUM_CONVERSION = YES;
				CLANG_WARN_INFINITE_RECURSION = YES;
				CLANG_WARN_INT_CONVERSION = YES;
				CLANG_WARN_NON_LITERAL_NULL_CONVERSION = YES;
				CLANG_WARN_OBJC_IMPLICIT_RETAIN_SELF = YES;
				CLANG_WARN_OBJC_LITERAL_CONVERSION = YES;
				CLANG_WARN_RANGE_LOOP_ANALYSIS = YES;
				CLANG_WARN_STRICT_PROTOTYPES = YES;
				CLANG_WARN_SUSPICIOUS_MOVE = YES;
				CLANG_WARN_UNREACHABLE_CODE = YES;
				CLANG_WARN__DUPLICATE_METHOD_MATCH = YES;
				DEBUG_INFORMATION_FORMAT = dwarf;
				ENABLE_STRICT_OBJC_MSGSEND = YES;
				GCC_C_LANGUAGE_STANDARD = c11;
				GCC_INLINES_ARE_PRIVATE_EXTERN = YES;
				GCC_MODEL_TUNING = G5;
				GCC_NO_COMMON_BLOCKS = YES;
				GCC_WARN_64_TO_32_BIT_CONVERSION = YES;
				GCC_WARN_ABOUT_RETURN_TYPE = YES;
				GCC_WARN_CHECK_SWITCH_STATEMENTS = YES;
				GCC_WARN_MISSING_PARENTHESES = YES;
				GCC_WARN_NON_VIRTUAL_DESTRUCTOR = YES;
				GCC_WARN_TYPECHECK_CALLS_TO_PRINTF = YES;
				GCC_WARN_UNDECLARED_SELECTOR = YES;
				GCC_WARN_UNINITIALIZED_AUTOS = YES;
				GCC_WARN_UNUSED_FUNCTION = YES;
				GCC_WARN_UNUSED_VARIABLE = YES;
				PRODUCT_NAME = "consoleapp543";
				WARNING_CFLAGS = "-Wreorder";
				ZERO_LINK = NO;
			};
			name = Release;
		};
		CBD3FEB547AD323F8281B533 = {
			isa = PBXTargetDependency;
			target = A275F67F63298C92EADFB13D;
		};
		4DED913034A38A3C6D629836 = {
			isa = XCConfigurationList;
			buildConfigurations = (
				2D854CEFC3530783BF8D3E9F,
				396E349617E437656038A657,
			);
			defaultConfigurationIsVisible = 0;
			defaultConfigurationName = Debug;
		};
		C571B83D4B69DE159BC946BF = {
			isa = XCConfigurationList;
			buildConfigurations = (
				E600E085CA3987D8FEDBEC39,
				74676AF2292D7B2CEA98922B,
			);
			defaultConfigurationIsVisible = 0;
			defaultConfigurationName = Debug;
		};
		F4EE57FBEA36E9D0084D796E = {
			isa = PBXResourcesBuildPhase;
			buildActionMask = 2147483647;
			files = (
				794EE017692A49C658F0C3A1,
			);
			runOnlyForDeploymentPostprocessing = 0;
		};
		98147D440663AC970B1334E9 = {
			isa = PBXSourcesBuildPhase;
			buildActionMask = 2147483647;
			files = (
				C42E3206C0DD29FB1408FD64,
			);
			runOnlyForDeploymentPostprocessing = 0;
		};
		58DB1AB2A6C6D46CCB98C7FE = {
			isa = PBXFrameworksBuildPhase;
			buildActionMask = 2147483647;
			files = ( );
			runOnlyForDeploymentPostprocessing = 0;
		};
		A275F67F63298C92EADFB13D = {
			isa = PBXNativeTarget;
			buildConfigurationList = C571B83D4B69DE159BC946BF;
			buildPhases = (
				F4EE57FBEA36E9D0084D796E,
				98147D440663AC970B1334E9,
				58DB1AB2A6C6D46CCB98C7FE,
			);
			buildRules = ( );
			dependencies = ( );
			name = "consoleapp543 - ConsoleApp";
			productName = consoleapp543;
			productReference = 06F6A06D0C756D38E428724A;
			productType = "com.apple.product-type.tool";
		};
		18925FCAE11264D87841299F = {
			isa = PBXProject;
			buildConfigurationList = 4DED913034A38A3C6D629836;
			attributes = { LastUpgradeCheck = 0930; ORGANIZATIONNAME = ""; };
			compatibilityVersion = "Xcode 3.2";
			hasScannedForEncodings = 0;
			mainGroup = ADC61CD014CBD563DC0DC8CA;
			projectDirPath = "";
			projectRoot = "";
			targets = (A275F67F63298C92EADFB13D);
			knownRegions = (en, Base);
		};
	};
	rootObject = 18925FCAE11264D87841299F;
}
